PODS:
  - Airwallex/ApplePay (5.5.7):
    - Airwallex/Core
  - Airwallex/Card (5.5.7):
    - Airwallex/Core
  - Airwallex/Core (5.5.7)
  - Airwallex/Redirect (5.5.7):
    - Airwallex/Core
  - airwallex_payment_flutter (0.0.1):
    - Airwallex/ApplePay (~> 5.5.6)
    - Airwallex/Card (~> 5.5.6)
    - Airwallex/Core (~> 5.5.6)
    - Airwallex/Redirect (~> 5.5.6)
    - Flutter
  - Flutter (1.0.0)
  - shared_preferences_foundation (0.0.1):
    - Flutter
    - FlutterMacOS

DEPENDENCIES:
  - airwallex_payment_flutter (from `.symlinks/plugins/airwallex_payment_flutter/ios`)
  - Flutter (from `Flutter`)
  - shared_preferences_foundation (from `.symlinks/plugins/shared_preferences_foundation/darwin`)

SPEC REPOS:
  trunk:
    - Airwallex

EXTERNAL SOURCES:
  airwallex_payment_flutter:
    :path: ".symlinks/plugins/airwallex_payment_flutter/ios"
  Flutter:
    :path: Flutter
  shared_preferences_foundation:
    :path: ".symlinks/plugins/shared_preferences_foundation/darwin"

SPEC CHECKSUMS:
  Airwallex: a349f7804354e092f19d8e9aabcef20e1f40aa8d
  airwallex_payment_flutter: 0d3029844701b313c40ad000a3bd68bf5b779f92
  Flutter: e0871f40cf51350855a761d2e70bf5af5b9b5de7
  shared_preferences_foundation: 9e1978ff2562383bd5676f64ec4e9aa8fa06a6f7

PODFILE CHECKSUM: c84b1fd572fd99c2229e23429dc03bb70fbc80d3

COCOAPODS: 1.16.2
